
Microsoft Visual Studio Solution File, Format Version 12.00
# Visual Studio 15
VisualStudioVersion = 15.0.27130.0
MinimumVisualStudioVersion = 10.0.40219.1
Project("{FAE04EC0-301F-11D3-BF4B-00C04F79EFBC}") = "FeatureToggle", "FeatureToggles\FeatureToggle.csproj", "{C5CBAA6D-EDA8-4015-A7A9-306F82DFD577}"
EndProject
Project("{FAE04EC0-301F-11D3-BF4B-00C04F79EFBC}") = "TestConsole", "TestConsole\TestConsole.csproj", "{4600C3C8-A88E-45C1-A219-AA00AAC3CA12}"
EndProject
Global
	GlobalSection(SolutionConfigurationPlatforms) = preSolution
		Debug|Any CPU = Debug|Any CPU
		Release|Any CPU = Release|Any CPU
	EndGlobalSection
	GlobalSection(ProjectConfigurationPlatforms) = postSolution
		{C5CBAA6D-EDA8-4015-A7A9-306F82DFD577}.Debug|Any CPU.ActiveCfg = Debug|Any CPU
		{C5CBAA6D-EDA8-4015-A7A9-306F82DFD577}.Debug|Any CPU.Build.0 = Debug|Any CPU
		{C5CBAA6D-EDA8-4015-A7A9-306F82DFD577}.Release|Any CPU.ActiveCfg = Release|Any CPU
		{C5CBAA6D-EDA8-4015-A7A9-306F82DFD577}.Release|Any CPU.Build.0 = Release|Any CPU
		{4600C3C8-A88E-45C1-A219-AA00AAC3CA12}.Debug|Any CPU.ActiveCfg = Debug|Any CPU
		{4600C3C8-A88E-45C1-A219-AA00AAC3CA12}.Debug|Any CPU.Build.0 = Debug|Any CPU
		{4600C3C8-A88E-45C1-A219-AA00AAC3CA12}.Release|Any CPU.ActiveCfg = Release|Any CPU
		{4600C3C8-A88E-45C1-A219-AA00AAC3CA12}.Release|Any CPU.Build.0 = Release|Any CPU
	EndGlobalSection
	GlobalSection(SolutionProperties) = preSolution
		HideSolutionNode = FALSE
	EndGlobalSection
	GlobalSection(ExtensibilityGlobals) = postSolution
		SolutionGuid = {94E36AD2-517E-4C89-AEBE-03FB5388A36C}
	EndGlobalSection
EndGlobal
